
Microsoft Visual Studio Solution File, Format Version 12.00
# Visual Studio Version 17
VisualStudioVersion = 17.14.36623.8
MinimumVisualStudioVersion = 10.0.40219.1
Project("{FAE04EC0-301F-11D3-BF4B-00C04F79EFBC}") = "DBSys", "DBSys\DBSys.csproj", "{46B6FAB2-EDA8-4CE6-A612-09EAB7FE9095}"
EndProject
Global
	GlobalSection(SolutionConfigurationPlatforms) = preSolution
		Debug|Any CPU = Debug|Any CPU
		Release|Any CPU = Release|Any CPU
	EndGlobalSection
	GlobalSection(ProjectConfigurationPlatforms) = postSolution
		{46B6FAB2-EDA8-4CE6-A612-09EAB7FE9095}.Debug|Any CPU.ActiveCfg = Debug|Any CPU
		{46B6FAB2-EDA8-4CE6-A612-09EAB7FE9095}.Debug|Any CPU.Build.0 = Debug|Any CPU
		{46B6FAB2-EDA8-4CE6-A612-09EAB7FE9095}.Release|Any CPU.ActiveCfg = Release|Any CPU
		{46B6FAB2-EDA8-4CE6-A612-09EAB7FE9095}.Release|Any CPU.Build.0 = Release|Any CPU
	EndGlobalSection
	GlobalSection(SolutionProperties) = preSolution
		HideSolutionNode = FALSE
	EndGlobalSection
	GlobalSection(ExtensibilityGlobals) = postSolution
		SolutionGuid = {52D38426-403A-406D-8996-6AA0B3FB0B22}
	EndGlobalSection
EndGlobal
